
Microsoft Visual Studio Solution File, Format Version 12.00
# Visual Studio Version 17
VisualStudioVersion = 17.0.31903.59
MinimumVisualStudioVersion = 10.0.40219.1
Project("{FAE04EC0-301F-11D3-BF4B-00C04F79EFBC}") = "Rivet", "Rivet\Rivet.csproj", "{6DEB8EB2-2F33-4F7D-AEEA-A91203FBC27B}"
EndProject
Project("{FAE04EC0-301F-11D3-BF4B-00C04F79EFBC}") = "Rivet.DDL.Generator", "Rivet.DDL.Generator\Rivet.DDL.Generator.csproj", "{A6430E13-D885-4936-A5C8-27E94009DD7F}"
EndProject
Project("{FAE04EC0-301F-11D3-BF4B-00C04F79EFBC}") = "Rivet.CLI", "Rivet.CLI\Rivet.CLI.csproj", "{BAB62D7E-2F23-4BDA-959D-20D313EAC14D}"
EndProject
Project("{2150E333-8FDC-42A3-9474-1A3956D46DE8}") = "Libraries", "Libraries", "{8279A19F-0CA5-49A1-A243-F5C380862E0B}"
EndProject
Project("{FAE04EC0-301F-11D3-BF4B-00C04F79EFBC}") = "DragonLib", "Libraries\DragonLib\DragonLib\DragonLib.csproj", "{6451A1D5-26E2-48AF-A591-BD5C8596A092}"
EndProject
Project("{FAE04EC0-301F-11D3-BF4B-00C04F79EFBC}") = "Pepper", "Libraries\Pepper\Pepper\Pepper.csproj", "{71DEF6AC-1BDF-46B5-A1E1-96C5E197166C}"
EndProject
Project("{FAE04EC0-301F-11D3-BF4B-00C04F79EFBC}") = "glTFScaffold", "Libraries\glTFScaffold\glTFScaffold.csproj", "{5E7156D7-C1D3-4B6A-8B5A-996D906A10D0}"
EndProject
Project("{FAE04EC0-301F-11D3-BF4B-00C04F79EFBC}") = "GDeflateNet", "Libraries\GDeflateNet\GDeflateNet\GDeflateNet.csproj", "{F10923D7-E119-4680-8406-52720A59D2D1}"
EndProject
Project("{FAE04EC0-301F-11D3-BF4B-00C04F79EFBC}") = "Rivet.Converters", "Rivet.Converters\Rivet.Converters.csproj", "{1D46C418-15DB-4101-90CB-847CF03CF80D}"
EndProject
Project("{FAE04EC0-301F-11D3-BF4B-00C04F79EFBC}") = "Rivet.IO", "Rivet.IO\Rivet.IO.csproj", "{58E7225C-B590-4758-8831-67A4388487D9}"
EndProject
Project("{FAE04EC0-301F-11D3-BF4B-00C04F79EFBC}") = "Rivet.DDL", "Rivet.DDL\Rivet.DDL.csproj", "{D79F5C8D-503E-4AA0-A049-95F9B9F0679B}"
EndProject
Project("{FAE04EC0-301F-11D3-BF4B-00C04F79EFBC}") = "Rivet.DDL.RCRA", "Rivet.DDL.RCRA\Rivet.DDL.RCRA.csproj", "{9A6B2E47-C8A2-49F5-BB6F-30E6BE603CB0}"
EndProject
Global
	GlobalSection(SolutionConfigurationPlatforms) = preSolution
		Debug|Any CPU = Debug|Any CPU
		Release|Any CPU = Release|Any CPU
	EndGlobalSection
	GlobalSection(SolutionProperties) = preSolution
		HideSolutionNode = FALSE
	EndGlobalSection
	GlobalSection(ProjectConfigurationPlatforms) = postSolution
		{6DEB8EB2-2F33-4F7D-AEEA-A91203FBC27B}.Debug|Any CPU.ActiveCfg = Debug|Any CPU
		{6DEB8EB2-2F33-4F7D-AEEA-A91203FBC27B}.Debug|Any CPU.Build.0 = Debug|Any CPU
		{6DEB8EB2-2F33-4F7D-AEEA-A91203FBC27B}.Release|Any CPU.ActiveCfg = Release|Any CPU
		{6DEB8EB2-2F33-4F7D-AEEA-A91203FBC27B}.Release|Any CPU.Build.0 = Release|Any CPU
		{A6430E13-D885-4936-A5C8-27E94009DD7F}.Debug|Any CPU.ActiveCfg = Debug|Any CPU
		{A6430E13-D885-4936-A5C8-27E94009DD7F}.Debug|Any CPU.Build.0 = Debug|Any CPU
		{A6430E13-D885-4936-A5C8-27E94009DD7F}.Release|Any CPU.ActiveCfg = Release|Any CPU
		{A6430E13-D885-4936-A5C8-27E94009DD7F}.Release|Any CPU.Build.0 = Release|Any CPU
		{BAB62D7E-2F23-4BDA-959D-20D313EAC14D}.Debug|Any CPU.ActiveCfg = Debug|Any CPU
		{BAB62D7E-2F23-4BDA-959D-20D313EAC14D}.Debug|Any CPU.Build.0 = Debug|Any CPU
		{BAB62D7E-2F23-4BDA-959D-20D313EAC14D}.Release|Any CPU.ActiveCfg = Release|Any CPU
		{BAB62D7E-2F23-4BDA-959D-20D313EAC14D}.Release|Any CPU.Build.0 = Release|Any CPU
		{6451A1D5-26E2-48AF-A591-BD5C8596A092}.Debug|Any CPU.ActiveCfg = Debug|Any CPU
		{6451A1D5-26E2-48AF-A591-BD5C8596A092}.Debug|Any CPU.Build.0 = Debug|Any CPU
		{6451A1D5-26E2-48AF-A591-BD5C8596A092}.Release|Any CPU.ActiveCfg = Release|Any CPU
		{6451A1D5-26E2-48AF-A591-BD5C8596A092}.Release|Any CPU.Build.0 = Release|Any CPU
		{71DEF6AC-1BDF-46B5-A1E1-96C5E197166C}.Debug|Any CPU.ActiveCfg = Debug|Any CPU
		{71DEF6AC-1BDF-46B5-A1E1-96C5E197166C}.Debug|Any CPU.Build.0 = Debug|Any CPU
		{71DEF6AC-1BDF-46B5-A1E1-96C5E197166C}.Release|Any CPU.ActiveCfg = Release|Any CPU
		{71DEF6AC-1BDF-46B5-A1E1-96C5E197166C}.Release|Any CPU.Build.0 = Release|Any CPU
		{5E7156D7-C1D3-4B6A-8B5A-996D906A10D0}.Debug|Any CPU.ActiveCfg = Debug|Any CPU
		{5E7156D7-C1D3-4B6A-8B5A-996D906A10D0}.Debug|Any CPU.Build.0 = Debug|Any CPU
		{5E7156D7-C1D3-4B6A-8B5A-996D906A10D0}.Release|Any CPU.ActiveCfg = Release|Any CPU
		{5E7156D7-C1D3-4B6A-8B5A-996D906A10D0}.Release|Any CPU.Build.0 = Release|Any CPU
		{F10923D7-E119-4680-8406-52720A59D2D1}.Debug|Any CPU.ActiveCfg = Debug|Any CPU
		{F10923D7-E119-4680-8406-52720A59D2D1}.Debug|Any CPU.Build.0 = Debug|Any CPU
		{F10923D7-E119-4680-8406-52720A59D2D1}.Release|Any CPU.ActiveCfg = Release|Any CPU
		{F10923D7-E119-4680-8406-52720A59D2D1}.Release|Any CPU.Build.0 = Release|Any CPU
		{1D46C418-15DB-4101-90CB-847CF03CF80D}.Debug|Any CPU.ActiveCfg = Debug|Any CPU
		{1D46C418-15DB-4101-90CB-847CF03CF80D}.Debug|Any CPU.Build.0 = Debug|Any CPU
		{1D46C418-15DB-4101-90CB-847CF03CF80D}.Release|Any CPU.ActiveCfg = Release|Any CPU
		{1D46C418-15DB-4101-90CB-847CF03CF80D}.Release|Any CPU.Build.0 = Release|Any CPU
		{58E7225C-B590-4758-8831-67A4388487D9}.Debug|Any CPU.ActiveCfg = Debug|Any CPU
		{58E7225C-B590-4758-8831-67A4388487D9}.Debug|Any CPU.Build.0 = Debug|Any CPU
		{58E7225C-B590-4758-8831-67A4388487D9}.Release|Any CPU.ActiveCfg = Release|Any CPU
		{58E7225C-B590-4758-8831-67A4388487D9}.Release|Any CPU.Build.0 = Release|Any CPU
		{D79F5C8D-503E-4AA0-A049-95F9B9F0679B}.Debug|Any CPU.ActiveCfg = Debug|Any CPU
		{D79F5C8D-503E-4AA0-A049-95F9B9F0679B}.Debug|Any CPU.Build.0 = Debug|Any CPU
		{D79F5C8D-503E-4AA0-A049-95F9B9F0679B}.Release|Any CPU.ActiveCfg = Release|Any CPU
		{D79F5C8D-503E-4AA0-A049-95F9B9F0679B}.Release|Any CPU.Build.0 = Release|Any CPU
		{9A6B2E47-C8A2-49F5-BB6F-30E6BE603CB0}.Debug|Any CPU.ActiveCfg = Debug|Any CPU
		{9A6B2E47-C8A2-49F5-BB6F-30E6BE603CB0}.Debug|Any CPU.Build.0 = Debug|Any CPU
		{9A6B2E47-C8A2-49F5-BB6F-30E6BE603CB0}.Release|Any CPU.ActiveCfg = Release|Any CPU
		{9A6B2E47-C8A2-49F5-BB6F-30E6BE603CB0}.Release|Any CPU.Build.0 = Release|Any CPU
	EndGlobalSection
	GlobalSection(NestedProjects) = preSolution
		{5E7156D7-C1D3-4B6A-8B5A-996D906A10D0} = {8279A19F-0CA5-49A1-A243-F5C380862E0B}
		{F10923D7-E119-4680-8406-52720A59D2D1} = {8279A19F-0CA5-49A1-A243-F5C380862E0B}
		{71DEF6AC-1BDF-46B5-A1E1-96C5E197166C} = {8279A19F-0CA5-49A1-A243-F5C380862E0B}
		{6451A1D5-26E2-48AF-A591-BD5C8596A092} = {8279A19F-0CA5-49A1-A243-F5C380862E0B}
	EndGlobalSection
EndGlobal
